{
    "_meta": {
        "hash": {
            "sha256": "2e38b123d04c65ce270c4f49048a74068545017ba69af6daf4612a5f43f64014"
        },
        "pipfile-spec": 6,
        "requires": {
            "python_version": "3.7"
        },
        "sources": [
            {
                "name": "pypi",
                "url": "https://pypi.org/simple",
                "verify_ssl": true
            }
        ]
    },
    "default": {
        "certifi": {
            "hashes": [
                "sha256:5930595817496dd21bb8dc35dad090f1c2cd0adfaf21204bf6732ca5d8ee34d3",
                "sha256:8fc0819f1f30ba15bdb34cceffb9ef04d99f420f68eb75d901e9560b8749fc41"
            ],
            "version": "==2020.6.20"
        },
        "chardet": {
            "hashes": [
                "sha256:84ab92ed1c4d4f16916e05906b6b75a6c0fb5db821cc65e70cbd64a3e2a5eaae",
                "sha256:fc323ffcaeaed0e0a02bf4d117757b98aed530d9ed4531e3e15460124c106691"
            ],
            "version": "==3.0.4"
        },
        "ecdsa": {
            "hashes": [
                "sha256:867ec9cf6df0b03addc8ef66b56359643cb5d0c1dc329df76ba7ecfe256c8061",
                "sha256:8f12ac317f8a1318efa75757ef0a651abe12e51fc1af8838fb91079445227277"
            ],
            "version": "==0.15"
        },
        "future": {
            "hashes": [
                "sha256:b1bead90b70cf6ec3f0710ae53a525360fa360d306a86583adc6bf83a4db537d"
            ],
            "version": "==0.18.2"
        },
        "httmock": {
            "hashes": [
                "sha256:4696306d1ff835c3ca865fdef2684d7e130b4120cc00126f862ba4797b1602ac"
            ],
            "index": "pypi",
            "version": "==1.2.6"
        },
        "idna": {
            "hashes": [
                "sha256:156a6814fb5ac1fc6850fb002e0852d56c0c8d2531923a51032d1b70760e186e",
                "sha256:684a38a6f903c1d71d6d5fac066b58d7768af4de2b832e426ec79c30daa94a16"
            ],
            "version": "==2.7"
        },
        "pyasn1": {
            "hashes": [
                "sha256:39c7e2ec30515947ff4e87fb6f456dfc6e84857d34be479c9d4a4ba4bf46aa5d",
                "sha256:aef77c9fb94a3ac588e87841208bdec464471d9871bd5050a287cc9a475cd0ba"
            ],
            "version": "==0.4.8"
        },
        "python-jose": {
            "hashes": [
                "sha256:29701d998fe560e52f17246c3213a882a4a39da7e42c7015bcc1f7823ceaff1c",
                "sha256:ed7387f0f9af2ea0ddc441d83a6eb47a5909bd0c8a72ac3250e75afec2cc1371"
            ],
            "index": "pypi",
            "version": "==3.0.1"
        },
        "requests": {
            "hashes": [
                "sha256:99dcfdaaeb17caf6e526f32b6a7b780461512ab3f1d992187801694cba42770c",
                "sha256:a84b8c9ab6239b578f22d1c21d51b696dcfe004032bb80ea832398d6909d7279"
            ],
            "index": "pypi",
            "version": "==2.20.0"
        },
        "rsa": {
            "hashes": [
                "sha256:109ea5a66744dd859bf16fe904b8d8b627adafb9408753161e766a92e7d681fa",
                "sha256:6166864e23d6b5195a5cfed6cd9fed0fe774e226d8f854fcb23b7bbef0350233"
            ],
            "version": "==4.6"
        },
        "six": {
            "hashes": [
                "sha256:30639c035cdb23534cd4aa2dd52c3bf48f06e5f4a941509c8bafd8ce11080259",
                "sha256:8b74bedcbbbaca38ff6d7491d76f2b06b3592611af620f8426e82dddb04a5ced"
            ],
            "version": "==1.15.0"
        },
        "urllib3": {
            "hashes": [
                "sha256:2393a695cd12afedd0dcb26fe5d50d0cf248e5a66f75dbd89a3d4eb333a61af4",
                "sha256:a637e5fae88995b256e3409dc4d52c2e2e0ba32c42a6365fee8bbd2238de3cfb"
            ],
            "version": "==1.24.3"
        }
    },
    "develop": {}
}
